{
  "nodes": {
    "nixpkgs": {
      "locked": {
        "lastModified": 1654791688,
        "narHash": "sha256-98B8CWJHYKBJGBhhaukuP5ndO3fZj74FGvrRAn1Fk6U=",
        "owner": "nixos",
        "repo": "nixpkgs",
        "rev": "0ea38d273850c2ba494d5647507f9e6fc3485e69",
        "type": "github"
      },
      "original": {
        "owner": "nixos",
        "repo": "nixpkgs",
        "type": "github"
      }
    },
    "root": {
      "inputs": {
        "nixpkgs": "nixpkgs"
      }
    }
  },
  "root": "root",
  "version": 7
}
