{
  "nodes": {
    "nixpkgs": {
      "locked": {
        "lastModified": 1656279610,
        "narHash": "sha256-hkxNZhjQFVvP0CfOCWrvLMXh/lmXSIRGLs4I6A3dESA=",
        "owner": "nixos",
        "repo": "nixpkgs",
        "rev": "de3a07bf85153116f82b432863db1fc5cec9cf34",
        "type": "github"
      },
      "original": {
        "owner": "nixos",
        "repo": "nixpkgs",
        "type": "github"
      }
    },
    "root": {
      "inputs": {
        "nixpkgs": "nixpkgs"
      }
    }
  },
  "root": "root",
  "version": 7
}
